
Microsoft Visual Studio Solution File, Format Version 12.00
# Visual Studio Version 17
VisualStudioVersion = 17.7.34018.315
MinimumVisualStudioVersion = 10.0.40219.1
Project("{FAE04EC0-301F-11D3-BF4B-00C04F79EFBC}") = "Backend", "Backend\Backend.csproj", "{1CB4ACBC-A51D-4607-A6C0-F32088E1A7D8}"
EndProject
Global
	GlobalSection(SolutionConfigurationPlatforms) = preSolution
		Debug|Any CPU = Debug|Any CPU
		Release|Any CPU = Release|Any CPU
	EndGlobalSection
	GlobalSection(ProjectConfigurationPlatforms) = postSolution
		{1CB4ACBC-A51D-4607-A6C0-F32088E1A7D8}.Debug|Any CPU.ActiveCfg = Debug|Any CPU
		{1CB4ACBC-A51D-4607-A6C0-F32088E1A7D8}.Debug|Any CPU.Build.0 = Debug|Any CPU
		{1CB4ACBC-A51D-4607-A6C0-F32088E1A7D8}.Release|Any CPU.ActiveCfg = Release|Any CPU
		{1CB4ACBC-A51D-4607-A6C0-F32088E1A7D8}.Release|Any CPU.Build.0 = Release|Any CPU
	EndGlobalSection
	GlobalSection(SolutionProperties) = preSolution
		HideSolutionNode = FALSE
	EndGlobalSection
	GlobalSection(ExtensibilityGlobals) = postSolution
		SolutionGuid = {9AFB3407-0314-4550-82E3-FB561E4A4D92}
	EndGlobalSection
EndGlobal
